
Microsoft Visual Studio Solution File, Format Version 11.00
# Visual Studio 2010
Project("{FAE04EC0-301F-11D3-BF4B-00C04F79EFBC}") = "FCRsExtractors", "基于空间模式匹配的地理场景自动识别系统\FCRsExtractors.csproj", "{8EA4D066-255C-4686-A072-CB8CC617302A}"
EndProject
Global
	GlobalSection(SolutionConfigurationPlatforms) = preSolution
		Debug|x86 = Debug|x86
		Release|x86 = Release|x86
	EndGlobalSection
	GlobalSection(ProjectConfigurationPlatforms) = postSolution
		{8EA4D066-255C-4686-A072-CB8CC617302A}.Debug|x86.ActiveCfg = Debug|x86
		{8EA4D066-255C-4686-A072-CB8CC617302A}.Debug|x86.Build.0 = Debug|x86
		{8EA4D066-255C-4686-A072-CB8CC617302A}.Release|x86.ActiveCfg = Release|x86
		{8EA4D066-255C-4686-A072-CB8CC617302A}.Release|x86.Build.0 = Release|x86
	EndGlobalSection
	GlobalSection(SolutionProperties) = preSolution
		HideSolutionNode = FALSE
	EndGlobalSection
EndGlobal
